
Microsoft Visual Studio Solution File, Format Version 12.00
# Visual Studio Version 17
VisualStudioVersion = 17.1.32210.238
MinimumVisualStudioVersion = 10.0.40219.1
Project("{FAE04EC0-301F-11D3-BF4B-00C04F79EFBC}") = "Exercicio18", "Exercicio18\Exercicio18.csproj", "{35DB2E60-878D-4E02-AC9A-3328E1D2D826}"
EndProject
Global
	GlobalSection(SolutionConfigurationPlatforms) = preSolution
		Debug|Any CPU = Debug|Any CPU
		Release|Any CPU = Release|Any CPU
	EndGlobalSection
	GlobalSection(ProjectConfigurationPlatforms) = postSolution
		{35DB2E60-878D-4E02-AC9A-3328E1D2D826}.Debug|Any CPU.ActiveCfg = Debug|Any CPU
		{35DB2E60-878D-4E02-AC9A-3328E1D2D826}.Debug|Any CPU.Build.0 = Debug|Any CPU
		{35DB2E60-878D-4E02-AC9A-3328E1D2D826}.Release|Any CPU.ActiveCfg = Release|Any CPU
		{35DB2E60-878D-4E02-AC9A-3328E1D2D826}.Release|Any CPU.Build.0 = Release|Any CPU
	EndGlobalSection
	GlobalSection(SolutionProperties) = preSolution
		HideSolutionNode = FALSE
	EndGlobalSection
	GlobalSection(ExtensibilityGlobals) = postSolution
		SolutionGuid = {69C33AA7-EA2B-4FAE-B2BD-68350995674D}
	EndGlobalSection
EndGlobal
