
Microsoft Visual Studio Solution File, Format Version 12.00
# Visual Studio Version 17
VisualStudioVersion = 17.1.32210.238
MinimumVisualStudioVersion = 10.0.40219.1
Project("{FAE04EC0-301F-11D3-BF4B-00C04F79EFBC}") = "Exercicio15", "Exercicio15\Exercicio15.csproj", "{38CAE000-36CA-4432-A75D-DBA5333B6AD0}"
EndProject
Global
	GlobalSection(SolutionConfigurationPlatforms) = preSolution
		Debug|Any CPU = Debug|Any CPU
		Release|Any CPU = Release|Any CPU
	EndGlobalSection
	GlobalSection(ProjectConfigurationPlatforms) = postSolution
		{38CAE000-36CA-4432-A75D-DBA5333B6AD0}.Debug|Any CPU.ActiveCfg = Debug|Any CPU
		{38CAE000-36CA-4432-A75D-DBA5333B6AD0}.Debug|Any CPU.Build.0 = Debug|Any CPU
		{38CAE000-36CA-4432-A75D-DBA5333B6AD0}.Release|Any CPU.ActiveCfg = Release|Any CPU
		{38CAE000-36CA-4432-A75D-DBA5333B6AD0}.Release|Any CPU.Build.0 = Release|Any CPU
	EndGlobalSection
	GlobalSection(SolutionProperties) = preSolution
		HideSolutionNode = FALSE
	EndGlobalSection
	GlobalSection(ExtensibilityGlobals) = postSolution
		SolutionGuid = {CBD2F9FE-6E78-4F98-A110-DB2298FF84A0}
	EndGlobalSection
EndGlobal
