
Microsoft Visual Studio Solution File, Format Version 12.00
# Visual Studio Version 17
VisualStudioVersion = 17.1.32210.238
MinimumVisualStudioVersion = 10.0.40219.1
Project("{FAE04EC0-301F-11D3-BF4B-00C04F79EFBC}") = "Exercicio011", "Exercicio011\Exercicio011.csproj", "{E1C0BF15-27D4-4A9C-8865-0960B3406BD9}"
EndProject
Global
	GlobalSection(SolutionConfigurationPlatforms) = preSolution
		Debug|Any CPU = Debug|Any CPU
		Release|Any CPU = Release|Any CPU
	EndGlobalSection
	GlobalSection(ProjectConfigurationPlatforms) = postSolution
		{E1C0BF15-27D4-4A9C-8865-0960B3406BD9}.Debug|Any CPU.ActiveCfg = Debug|Any CPU
		{E1C0BF15-27D4-4A9C-8865-0960B3406BD9}.Debug|Any CPU.Build.0 = Debug|Any CPU
		{E1C0BF15-27D4-4A9C-8865-0960B3406BD9}.Release|Any CPU.ActiveCfg = Release|Any CPU
		{E1C0BF15-27D4-4A9C-8865-0960B3406BD9}.Release|Any CPU.Build.0 = Release|Any CPU
	EndGlobalSection
	GlobalSection(SolutionProperties) = preSolution
		HideSolutionNode = FALSE
	EndGlobalSection
	GlobalSection(ExtensibilityGlobals) = postSolution
		SolutionGuid = {7318EBEE-3A96-4F61-B4DE-ADE604405780}
	EndGlobalSection
EndGlobal
