
Microsoft Visual Studio Solution File, Format Version 12.00
# Visual Studio Version 17
VisualStudioVersion = 17.1.32210.238
MinimumVisualStudioVersion = 10.0.40219.1
Project("{FAE04EC0-301F-11D3-BF4B-00C04F79EFBC}") = "Exercicio6", "Exercicio6\Exercicio6.csproj", "{D58EE128-C49A-4F92-8C2A-87E48868F3F5}"
EndProject
Global
	GlobalSection(SolutionConfigurationPlatforms) = preSolution
		Debug|Any CPU = Debug|Any CPU
		Release|Any CPU = Release|Any CPU
	EndGlobalSection
	GlobalSection(ProjectConfigurationPlatforms) = postSolution
		{D58EE128-C49A-4F92-8C2A-87E48868F3F5}.Debug|Any CPU.ActiveCfg = Debug|Any CPU
		{D58EE128-C49A-4F92-8C2A-87E48868F3F5}.Debug|Any CPU.Build.0 = Debug|Any CPU
		{D58EE128-C49A-4F92-8C2A-87E48868F3F5}.Release|Any CPU.ActiveCfg = Release|Any CPU
		{D58EE128-C49A-4F92-8C2A-87E48868F3F5}.Release|Any CPU.Build.0 = Release|Any CPU
	EndGlobalSection
	GlobalSection(SolutionProperties) = preSolution
		HideSolutionNode = FALSE
	EndGlobalSection
	GlobalSection(ExtensibilityGlobals) = postSolution
		SolutionGuid = {6ECE9693-C77A-4C50-A7F1-B5C39390B64B}
	EndGlobalSection
EndGlobal
