
Microsoft Visual Studio Solution File, Format Version 12.00
# Visual Studio Version 17
VisualStudioVersion = 17.1.32210.238
MinimumVisualStudioVersion = 10.0.40219.1
Project("{FAE04EC0-301F-11D3-BF4B-00C04F79EFBC}") = "Exercicio19", "Exercicio19\Exercicio19.csproj", "{24287110-86E7-4BFA-B6B3-5F4096DA6DA9}"
EndProject
Global
	GlobalSection(SolutionConfigurationPlatforms) = preSolution
		Debug|Any CPU = Debug|Any CPU
		Release|Any CPU = Release|Any CPU
	EndGlobalSection
	GlobalSection(ProjectConfigurationPlatforms) = postSolution
		{24287110-86E7-4BFA-B6B3-5F4096DA6DA9}.Debug|Any CPU.ActiveCfg = Debug|Any CPU
		{24287110-86E7-4BFA-B6B3-5F4096DA6DA9}.Debug|Any CPU.Build.0 = Debug|Any CPU
		{24287110-86E7-4BFA-B6B3-5F4096DA6DA9}.Release|Any CPU.ActiveCfg = Release|Any CPU
		{24287110-86E7-4BFA-B6B3-5F4096DA6DA9}.Release|Any CPU.Build.0 = Release|Any CPU
	EndGlobalSection
	GlobalSection(SolutionProperties) = preSolution
		HideSolutionNode = FALSE
	EndGlobalSection
	GlobalSection(ExtensibilityGlobals) = postSolution
		SolutionGuid = {A823E05C-B7EF-49E1-B5F3-335234D7CB40}
	EndGlobalSection
EndGlobal
