
Microsoft Visual Studio Solution File, Format Version 12.00
# Visual Studio Version 17
VisualStudioVersion = 17.1.32210.238
MinimumVisualStudioVersion = 10.0.40219.1
Project("{FAE04EC0-301F-11D3-BF4B-00C04F79EFBC}") = "Exercicio1", "Exercicio1\Exercicio1.csproj", "{4C827182-9FAA-4C16-A836-B877004F3FA2}"
EndProject
Global
	GlobalSection(SolutionConfigurationPlatforms) = preSolution
		Debug|Any CPU = Debug|Any CPU
		Release|Any CPU = Release|Any CPU
	EndGlobalSection
	GlobalSection(ProjectConfigurationPlatforms) = postSolution
		{4C827182-9FAA-4C16-A836-B877004F3FA2}.Debug|Any CPU.ActiveCfg = Debug|Any CPU
		{4C827182-9FAA-4C16-A836-B877004F3FA2}.Debug|Any CPU.Build.0 = Debug|Any CPU
		{4C827182-9FAA-4C16-A836-B877004F3FA2}.Release|Any CPU.ActiveCfg = Release|Any CPU
		{4C827182-9FAA-4C16-A836-B877004F3FA2}.Release|Any CPU.Build.0 = Release|Any CPU
	EndGlobalSection
	GlobalSection(SolutionProperties) = preSolution
		HideSolutionNode = FALSE
	EndGlobalSection
	GlobalSection(ExtensibilityGlobals) = postSolution
		SolutionGuid = {031D4F5E-3B07-4A74-8608-2F356CF30E5C}
	EndGlobalSection
EndGlobal
