
Microsoft Visual Studio Solution File, Format Version 12.00
# Visual Studio Version 17
VisualStudioVersion = 17.1.32210.238
MinimumVisualStudioVersion = 10.0.40219.1
Project("{FAE04EC0-301F-11D3-BF4B-00C04F79EFBC}") = "TreinandoEnum", "TreinandoEnum\TreinandoEnum.csproj", "{91428611-9AF5-4856-8BD4-919A9C2B96B2}"
EndProject
Global
	GlobalSection(SolutionConfigurationPlatforms) = preSolution
		Debug|Any CPU = Debug|Any CPU
		Release|Any CPU = Release|Any CPU
	EndGlobalSection
	GlobalSection(ProjectConfigurationPlatforms) = postSolution
		{91428611-9AF5-4856-8BD4-919A9C2B96B2}.Debug|Any CPU.ActiveCfg = Debug|Any CPU
		{91428611-9AF5-4856-8BD4-919A9C2B96B2}.Debug|Any CPU.Build.0 = Debug|Any CPU
		{91428611-9AF5-4856-8BD4-919A9C2B96B2}.Release|Any CPU.ActiveCfg = Release|Any CPU
		{91428611-9AF5-4856-8BD4-919A9C2B96B2}.Release|Any CPU.Build.0 = Release|Any CPU
	EndGlobalSection
	GlobalSection(SolutionProperties) = preSolution
		HideSolutionNode = FALSE
	EndGlobalSection
	GlobalSection(ExtensibilityGlobals) = postSolution
		SolutionGuid = {37940F83-1D88-4DFC-A5AE-8FC56BF04F90}
	EndGlobalSection
EndGlobal
